
Microsoft Visual Studio Solution File, Format Version 12.00
# Visual Studio Version 17
VisualStudioVersion = 17.5.002.0
MinimumVisualStudioVersion = 10.0.40219.1
Project("{2150E333-8FDC-42A3-9474-1A3956D46DE8}") = "app", "app", "{90A2C791-493F-4B39-8813-8177F6D97E5B}"
EndProject
Project("{9A19103F-16F7-4668-BE54-9A1E7A4F7556}") = "dotnet", "dotnet.csproj", "{C4CC7A4B-9762-4906-9A1A-18B16BE156F3}"
EndProject
Global
	GlobalSection(SolutionConfigurationPlatforms) = preSolution
		Debug|Any CPU = Debug|Any CPU
		Release|Any CPU = Release|Any CPU
	EndGlobalSection
	GlobalSection(ProjectConfigurationPlatforms) = postSolution
		{C4CC7A4B-9762-4906-9A1A-18B16BE156F3}.Debug|Any CPU.ActiveCfg = Debug|Any CPU
		{C4CC7A4B-9762-4906-9A1A-18B16BE156F3}.Debug|Any CPU.Build.0 = Debug|Any CPU
		{C4CC7A4B-9762-4906-9A1A-18B16BE156F3}.Release|Any CPU.ActiveCfg = Release|Any CPU
		{C4CC7A4B-9762-4906-9A1A-18B16BE156F3}.Release|Any CPU.Build.0 = Release|Any CPU
	EndGlobalSection
	GlobalSection(SolutionProperties) = preSolution
		HideSolutionNode = FALSE
	EndGlobalSection
	GlobalSection(NestedProjects) = preSolution
		{C4CC7A4B-9762-4906-9A1A-18B16BE156F3} = {90A2C791-493F-4B39-8813-8177F6D97E5B}
	EndGlobalSection
	GlobalSection(ExtensibilityGlobals) = postSolution
		SolutionGuid = {A2AA2FA4-7925-4039-8A00-07585D1362DA}
	EndGlobalSection
EndGlobal
